
Microsoft Visual Studio Solution File, Format Version 12.00
# Visual Studio Version 17
VisualStudioVersion = 17.0.31903.59
MinimumVisualStudioVersion = 10.0.40219.1
Project("{9A19103F-16F7-4668-BE54-9A1E7A4F7556}") = "MvvMHelpers.core", "MvvMHelpers.core\MvvMHelpers.core.csproj", "{1C7DB819-548E-4E43-971C-5C400D3D1ACB}"
EndProject
Project("{2150E333-8FDC-42A3-9474-1A3956D46DE8}") = "Solution Items", "Solution Items", "{2866120F-F908-474F-97B9-B1D0AFDEDDA3}"
	ProjectSection(SolutionItems) = preProject
		C:\Users\bernh\Desktop\cs.editorconfig = C:\Users\bernh\Desktop\cs.editorconfig
	EndProjectSection
EndProject
Project("{FAE04EC0-301F-11D3-BF4B-00C04F79EFBC}") = "MvvmHelpers.testbench", "MvvmHelpers.testbench\MvvmHelpers.testbench.csproj", "{6737A68A-E2D2-445D-916F-F1006EF70097}"
EndProject
Project("{FAE04EC0-301F-11D3-BF4B-00C04F79EFBC}") = "MvvmHelpers.test", "MvvmHelpers.test\MvvmHelpers.test.csproj", "{5229C621-03C3-4AC0-93C2-A9565107C181}"
EndProject
Global
	GlobalSection(SolutionConfigurationPlatforms) = preSolution
		Debug|Any CPU = Debug|Any CPU
		Release|Any CPU = Release|Any CPU
	EndGlobalSection
	GlobalSection(ProjectConfigurationPlatforms) = postSolution
		{1C7DB819-548E-4E43-971C-5C400D3D1ACB}.Debug|Any CPU.ActiveCfg = Debug|Any CPU
		{1C7DB819-548E-4E43-971C-5C400D3D1ACB}.Debug|Any CPU.Build.0 = Debug|Any CPU
		{1C7DB819-548E-4E43-971C-5C400D3D1ACB}.Release|Any CPU.ActiveCfg = Release|Any CPU
		{1C7DB819-548E-4E43-971C-5C400D3D1ACB}.Release|Any CPU.Build.0 = Release|Any CPU
		{6737A68A-E2D2-445D-916F-F1006EF70097}.Debug|Any CPU.ActiveCfg = Debug|Any CPU
		{6737A68A-E2D2-445D-916F-F1006EF70097}.Debug|Any CPU.Build.0 = Debug|Any CPU
		{6737A68A-E2D2-445D-916F-F1006EF70097}.Release|Any CPU.ActiveCfg = Release|Any CPU
		{6737A68A-E2D2-445D-916F-F1006EF70097}.Release|Any CPU.Build.0 = Release|Any CPU
		{5229C621-03C3-4AC0-93C2-A9565107C181}.Debug|Any CPU.ActiveCfg = Debug|Any CPU
		{5229C621-03C3-4AC0-93C2-A9565107C181}.Debug|Any CPU.Build.0 = Debug|Any CPU
		{5229C621-03C3-4AC0-93C2-A9565107C181}.Release|Any CPU.ActiveCfg = Release|Any CPU
		{5229C621-03C3-4AC0-93C2-A9565107C181}.Release|Any CPU.Build.0 = Release|Any CPU
	EndGlobalSection
	GlobalSection(SolutionProperties) = preSolution
		HideSolutionNode = FALSE
	EndGlobalSection
	GlobalSection(ExtensibilityGlobals) = postSolution
		SolutionGuid = {AB12480B-9A10-4B9C-B4C6-955D8FA283AE}
	EndGlobalSection
EndGlobal
